
Microsoft Visual Studio Solution File, Format Version 11.00
# Visual Studio 2010
Project("{FAE04EC0-301F-11D3-BF4B-00C04F79EFBC}") = "Assembly-CSharp", "Assembly-CSharp.csproj", "{643B2DA4-DC60-48BC-97DC-5A585F1B0B9B}"
EndProject
Global
	GlobalSection(SolutionConfigurationPlatforms) = preSolution
		Debug|Any CPU = Debug|Any CPU
		Release|Any CPU = Release|Any CPU
	EndGlobalSection
	GlobalSection(ProjectConfigurationPlatforms) = postSolution
		{643B2DA4-DC60-48BC-97DC-5A585F1B0B9B}.Debug|Any CPU.ActiveCfg = Debug|Any CPU
		{643B2DA4-DC60-48BC-97DC-5A585F1B0B9B}.Debug|Any CPU.Build.0 = Debug|Any CPU
		{643B2DA4-DC60-48BC-97DC-5A585F1B0B9B}.Release|Any CPU.ActiveCfg = Release|Any CPU
		{643B2DA4-DC60-48BC-97DC-5A585F1B0B9B}.Release|Any CPU.Build.0 = Release|Any CPU
	EndGlobalSection
	GlobalSection(SolutionProperties) = preSolution
		HideSolutionNode = FALSE
	EndGlobalSection
	GlobalSection(MonoDevelopProperties) = preSolution
		StartupItem = Assembly-CSharp.csproj
	EndGlobalSection
EndGlobal
